# This file may be used to create an environment using:
# $ conda create --name <env> --file <this file>
# platform: osx-arm64
# created-by: conda 26.1.1
@EXPLICIT
https://conda.anaconda.org/conda-forge/osx-arm64/bzip2-1.0.8-hd037594_9.conda
https://conda.anaconda.org/conda-forge/noarch/ca-certificates-2026.2.25-hbd8a1cb_0.conda
https://conda.anaconda.org/conda-forge/osx-arm64/epoxy-1.5.10-hc919400_2.conda
https://conda.anaconda.org/conda-forge/noarch/font-ttf-dejavu-sans-mono-2.37-hab24e00_0.tar.bz2
https://conda.anaconda.org/conda-forge/noarch/font-ttf-inconsolata-3.000-h77eed37_0.tar.bz2
https://conda.anaconda.org/conda-forge/noarch/font-ttf-source-code-pro-2.038-h77eed37_0.tar.bz2
https://conda.anaconda.org/conda-forge/noarch/font-ttf-ubuntu-0.83-h77eed37_3.conda
https://conda.anaconda.org/conda-forge/osx-arm64/fribidi-1.0.16-hc919400_0.conda
https://conda.anaconda.org/conda-forge/osx-arm64/hicolor-icon-theme-0.17-hce30654_3.conda
https://conda.anaconda.org/conda-forge/osx-arm64/icu-75.1-hfee45f7_0.conda
https://conda.anaconda.org/conda-forge/osx-arm64/libbrotlicommon-1.2.0-hc919400_1.conda
https://conda.anaconda.org/conda-forge/osx-arm64/libcxx-22.1.2-h55c6f16_0.conda
https://conda.anaconda.org/conda-forge/osx-arm64/libdeflate-1.25-hc11a715_0.conda
https://conda.anaconda.org/conda-forge/osx-arm64/libexpat-2.7.4-hf6b4638_0.conda
https://conda.anaconda.org/conda-forge/osx-arm64/libffi-3.5.2-hcf2aa1b_0.conda
https://conda.anaconda.org/conda-forge/osx-arm64/libiconv-1.18-h23cfdf5_2.conda
https://conda.anaconda.org/conda-forge/osx-arm64/libjpeg-turbo-3.1.2-hc919400_0.conda
https://conda.anaconda.org/conda-forge/osx-arm64/liblzma-5.8.2-h8088a28_0.conda
https://conda.anaconda.org/conda-forge/osx-arm64/libwebp-base-1.6.0-h07db88b_0.conda
https://conda.anaconda.org/conda-forge/osx-arm64/libzlib-1.3.2-h8088a28_2.conda
https://conda.anaconda.org/conda-forge/osx-arm64/llvm-openmp-22.1.1-hc7d1edf_0.conda
https://conda.anaconda.org/conda-forge/osx-arm64/ncurses-6.5-h5e97a16_3.conda
https://conda.anaconda.org/conda-forge/osx-arm64/pthread-stubs-0.4-hd74edd7_1002.conda
https://conda.anaconda.org/conda-forge/noarch/python_abi-3.8-8_cp38.conda
https://conda.anaconda.org/conda-forge/osx-arm64/xorg-libxau-1.0.12-hc919400_1.conda
https://conda.anaconda.org/conda-forge/osx-arm64/xorg-libxdmcp-1.1.5-hc919400_1.conda
https://conda.anaconda.org/conda-forge/osx-arm64/_openmp_mutex-4.5-7_kmp_llvm.conda
https://conda.anaconda.org/conda-forge/noarch/fonts-conda-forge-1-hc364b38_1.conda
https://conda.anaconda.org/conda-forge/osx-arm64/graphite2-1.3.14-hec049ff_2.conda
https://conda.anaconda.org/conda-forge/osx-arm64/lerc-4.1.0-h1eee2c3_0.conda
https://conda.anaconda.org/conda-forge/osx-arm64/libbrotlidec-1.2.0-hc919400_1.conda
https://conda.anaconda.org/conda-forge/osx-arm64/libbrotlienc-1.2.0-hc919400_1.conda
https://conda.anaconda.org/conda-forge/osx-arm64/libedit-3.1.20250104-pl5321hafb1f1b_0.conda
https://conda.anaconda.org/conda-forge/osx-arm64/libintl-0.25.1-h493aca8_0.conda
https://conda.anaconda.org/conda-forge/osx-arm64/liblzma-devel-5.8.2-h8088a28_0.conda
https://conda.anaconda.org/conda-forge/osx-arm64/libpng-1.6.56-h132b30e_0.conda
https://conda.anaconda.org/conda-forge/osx-arm64/libsqlite-3.52.0-h1b79a29_0.conda
https://conda.anaconda.org/conda-forge/osx-arm64/libxcb-1.17.0-hdb1d25a_0.conda
https://conda.anaconda.org/conda-forge/osx-arm64/libxml2-16-2.15.1-h0ff4647_0.conda
https://conda.anaconda.org/conda-forge/osx-arm64/opencl-headers-2025.06.13-hf6b4638_0.conda
https://conda.anaconda.org/conda-forge/osx-arm64/openssl-3.6.1-hd24854e_1.conda
https://conda.anaconda.org/conda-forge/osx-arm64/pcre2-10.47-h30297fc_0.conda
https://conda.anaconda.org/conda-forge/osx-arm64/pixman-0.46.4-h81086ad_1.conda
https://conda.anaconda.org/conda-forge/osx-arm64/readline-8.3-h46df422_0.conda
https://conda.anaconda.org/conda-forge/osx-arm64/tk-8.6.13-h010d191_3.conda
https://conda.anaconda.org/conda-forge/osx-arm64/xz-gpl-tools-5.8.2-hd0f0c4f_0.conda
https://conda.anaconda.org/conda-forge/osx-arm64/xz-tools-5.8.2-h8088a28_0.conda
https://conda.anaconda.org/conda-forge/osx-arm64/zstd-1.5.7-hbf9d68e_6.conda
https://conda.anaconda.org/conda-forge/osx-arm64/brotli-bin-1.2.0-hc919400_1.conda
https://conda.anaconda.org/conda-forge/noarch/fonts-conda-ecosystem-1-0.tar.bz2
https://conda.anaconda.org/conda-forge/osx-arm64/khronos-opencl-icd-loader-2024.10.24-h5505292_1.conda
https://conda.anaconda.org/conda-forge/osx-arm64/krb5-1.22.2-h385eeb1_0.conda
https://conda.anaconda.org/conda-forge/osx-arm64/libboost-1.84.0-hc9fb7c5_7.conda
https://conda.anaconda.org/conda-forge/osx-arm64/libfreetype6-2.14.3-hdfa99f5_0.conda
https://conda.anaconda.org/conda-forge/osx-arm64/libgcc-15.2.0-hcbb3090_18.conda
https://conda.anaconda.org/conda-forge/osx-arm64/libglib-2.86.4-he378b5c_1.conda
https://conda.anaconda.org/conda-forge/osx-arm64/libtiff-4.7.1-h4030677_1.conda
https://conda.anaconda.org/conda-forge/osx-arm64/xz-5.8.2-hd0f0c4f_0.conda
https://conda.anaconda.org/conda-forge/osx-arm64/atk-1.0-2.38.0-hd03087b_2.conda
https://conda.anaconda.org/conda-forge/osx-arm64/brotli-1.2.0-h7d5ae5b_1.conda
https://conda.anaconda.org/conda-forge/osx-arm64/gdk-pixbuf-2.44.5-h4e57454_1.conda
https://conda.anaconda.org/conda-forge/osx-arm64/glib-tools-2.86.4-h60c1bae_1.conda
https://conda.anaconda.org/conda-forge/osx-arm64/gts-0.7.6-he42f4ea_4.conda
https://conda.anaconda.org/conda-forge/osx-arm64/lcms2-2.18-hdfa7624_0.conda
https://conda.anaconda.org/conda-forge/osx-arm64/libfreetype-2.14.3-hce30654_0.conda
https://conda.anaconda.org/conda-forge/osx-arm64/libgfortran5-15.2.0-hdae7583_18.conda
https://conda.anaconda.org/conda-forge/osx-arm64/liblightgbm-4.5.0-cpu_h7ba702d_3.conda
https://conda.anaconda.org/conda-forge/osx-arm64/libpq-16.13-h795a7be_0.conda
https://conda.anaconda.org/conda-forge/osx-arm64/openjpeg-2.5.4-hd9e9057_0.conda
https://conda.anaconda.org/conda-forge/osx-arm64/python-3.8.20-h7d35d02_2_cpython.conda
https://conda.anaconda.org/conda-forge/osx-arm64/brotli-python-1.0.9-py38h2b1e499_8.tar.bz2
https://conda.anaconda.org/conda-forge/noarch/certifi-2024.8.30-pyhd8ed1ab_0.conda
https://conda.anaconda.org/conda-forge/osx-arm64/chardet-5.2.0-py38h10201cd_1.conda
https://conda.anaconda.org/conda-forge/noarch/charset-normalizer-3.4.0-pyhd8ed1ab_0.conda
https://conda.anaconda.org/conda-forge/noarch/cycler-0.12.1-pyhd8ed1ab_0.conda
https://conda.anaconda.org/conda-forge/osx-arm64/fontconfig-2.17.1-h2b252f5_0.conda
https://conda.anaconda.org/conda-forge/osx-arm64/freetype-2.14.3-hce30654_0.conda
https://conda.anaconda.org/conda-forge/osx-arm64/greenlet-3.0.3-py38hb9fa5a8_0.conda
https://conda.anaconda.org/conda-forge/noarch/hpack-4.0.0-pyh9f0ad1d_0.tar.bz2
https://conda.anaconda.org/conda-forge/noarch/hyperframe-6.0.1-pyhd8ed1ab_0.tar.bz2
https://conda.anaconda.org/conda-forge/noarch/idna-3.10-pyhd8ed1ab_0.conda
https://conda.anaconda.org/conda-forge/osx-arm64/kiwisolver-1.4.5-py38h9afee92_1.conda
https://conda.anaconda.org/conda-forge/osx-arm64/libgfortran-15.2.0-h07b0088_18.conda
https://conda.anaconda.org/conda-forge/noarch/munkres-1.1.4-pyh9f0ad1d_0.tar.bz2
https://conda.anaconda.org/conda-forge/noarch/packaging-26.0-pyhcf101f3_0.conda
https://conda.anaconda.org/conda-forge/noarch/platformdirs-4.3.6-pyhd8ed1ab_0.conda
https://conda.anaconda.org/conda-forge/noarch/pycparser-2.22-pyhd8ed1ab_0.conda
https://conda.anaconda.org/conda-forge/noarch/pyparsing-3.1.4-pyhd8ed1ab_0.conda
https://conda.anaconda.org/conda-forge/noarch/pysocks-1.7.1-pyha2e5f31_6.tar.bz2
https://conda.anaconda.org/conda-forge/noarch/python-tzdata-2024.2-pyhd8ed1ab_0.conda
https://conda.anaconda.org/conda-forge/noarch/pytz-2024.2-pyhd8ed1ab_0.conda
https://conda.anaconda.org/conda-forge/noarch/setuptools-75.3.0-pyhd8ed1ab_0.conda
https://conda.anaconda.org/conda-forge/noarch/six-1.16.0-pyh6c4a22f_0.tar.bz2
https://conda.anaconda.org/conda-forge/noarch/tenacity-9.0.0-pyhd8ed1ab_0.conda
https://conda.anaconda.org/conda-forge/noarch/threadpoolctl-3.5.0-pyhc1e730c_0.conda
https://conda.anaconda.org/conda-forge/noarch/typing_extensions-4.12.2-pyha770c72_0.conda
https://conda.anaconda.org/conda-forge/osx-arm64/unicodedata2-15.1.0-py38hb192615_0.conda
https://conda.anaconda.org/conda-forge/noarch/wheel-0.45.1-pyhd8ed1ab_0.conda
https://conda.anaconda.org/conda-forge/noarch/zipp-3.21.0-pyhd8ed1ab_0.conda
https://conda.anaconda.org/conda-forge/osx-arm64/cairo-1.18.4-h6a3b0d2_0.conda
https://conda.anaconda.org/conda-forge/osx-arm64/cffi-1.17.0-py38h858044d_0.conda
https://conda.anaconda.org/conda-forge/osx-arm64/fonttools-4.53.1-py38h3237794_0.conda
https://conda.anaconda.org/conda-forge/noarch/freetype-py-2.3.0-pyhd8ed1ab_0.tar.bz2
https://conda.anaconda.org/conda-forge/noarch/h2-4.1.0-pyhd8ed1ab_0.tar.bz2
https://conda.anaconda.org/conda-forge/noarch/importlib_resources-6.4.5-pyhd8ed1ab_0.conda
https://conda.anaconda.org/conda-forge/noarch/joblib-1.4.2-pyhd8ed1ab_0.conda
https://conda.anaconda.org/conda-forge/osx-arm64/libgd-2.3.3-hb2c3a21_11.conda
https://conda.anaconda.org/conda-forge/osx-arm64/libopenblas-0.3.25-openmp_h6c19121_0.conda
https://conda.anaconda.org/conda-forge/osx-arm64/pillow-10.4.0-py38h2c6aaed_0.conda
https://conda.anaconda.org/conda-forge/noarch/pip-24.3.1-pyh8b19718_0.conda
https://conda.anaconda.org/conda-forge/noarch/plotly-5.24.1-pyhd8ed1ab_0.conda
https://conda.anaconda.org/conda-forge/noarch/python-dateutil-2.9.0-pyhd8ed1ab_0.conda
https://conda.anaconda.org/conda-forge/noarch/typing-extensions-4.12.2-hd8ed1ab_0.conda
https://conda.anaconda.org/conda-forge/osx-arm64/harfbuzz-12.2.0-haf38c7b_0.conda
https://conda.anaconda.org/conda-forge/noarch/importlib-resources-6.4.5-pyhd8ed1ab_0.conda
https://conda.anaconda.org/conda-forge/osx-arm64/libblas-3.9.0-20_osxarm64_openblas.conda
https://conda.anaconda.org/conda-forge/osx-arm64/librdkit-2024.03.5-h54a62e4_3.conda
https://conda.anaconda.org/conda-forge/osx-arm64/pycairo-1.26.1-py38he394224_0.conda
https://conda.anaconda.org/conda-forge/osx-arm64/sqlalchemy-2.0.32-py38h3237794_0.conda
https://conda.anaconda.org/conda-forge/osx-arm64/zstandard-0.19.0-py38hb991d35_0.tar.bz2
https://conda.anaconda.org/conda-forge/osx-arm64/libcblas-3.9.0-20_osxarm64_openblas.conda
https://conda.anaconda.org/conda-forge/osx-arm64/liblapack-3.9.0-20_osxarm64_openblas.conda
https://conda.anaconda.org/conda-forge/osx-arm64/pango-1.56.4-h875632e_0.conda
https://conda.anaconda.org/conda-forge/noarch/rlpycairo-0.2.0-pyhd8ed1ab_0.conda
https://conda.anaconda.org/conda-forge/noarch/urllib3-2.2.3-pyhd8ed1ab_0.conda
https://conda.anaconda.org/conda-forge/osx-arm64/gtk3-3.24.43-h5febe37_6.conda
https://conda.anaconda.org/conda-forge/osx-arm64/librsvg-2.60.0-h9001022_1.conda
https://conda.anaconda.org/conda-forge/osx-arm64/numpy-1.24.3-py38ha84db1f_0.conda
https://conda.anaconda.org/conda-forge/osx-arm64/reportlab-4.2.2-py38h3237794_0.conda
https://conda.anaconda.org/conda-forge/noarch/requests-2.32.3-pyhd8ed1ab_0.conda
https://conda.anaconda.org/conda-forge/noarch/adwaita-icon-theme-49.0-unix_0.conda
https://conda.anaconda.org/conda-forge/osx-arm64/contourpy-1.1.1-py38h9afee92_1.conda
https://conda.anaconda.org/conda-forge/osx-arm64/libboost-python-1.84.0-py38he25cb4c_5.conda
https://conda.anaconda.org/conda-forge/osx-arm64/pandas-2.0.3-py38hefb543e_1.conda
https://conda.anaconda.org/conda-forge/noarch/pooch-1.8.2-pyhd8ed1ab_0.conda
https://conda.anaconda.org/conda-forge/osx-arm64/graphviz-14.1.2-hec8c438_0.conda
https://conda.anaconda.org/conda-forge/osx-arm64/matplotlib-base-3.7.3-py38hef9d0d7_0.conda
https://conda.anaconda.org/conda-forge/osx-arm64/scipy-1.10.1-py38h038e806_3.conda
https://conda.anaconda.org/conda-forge/noarch/lightgbm-4.5.0-cpu_py_3.conda
https://conda.anaconda.org/conda-forge/noarch/python-graphviz-0.20.3-pyhe28f650_1.conda
https://conda.anaconda.org/conda-forge/osx-arm64/rdkit-2024.03.5-py38h206a295_3.conda
https://conda.anaconda.org/conda-forge/osx-arm64/scikit-learn-1.3.2-py38he1bc1c9_2.conda
https://conda.anaconda.org/conda-forge/osx-arm64/catboost-1.2.5-py38h10201cd_0.conda
